// !$*UTF8*$!
{
	archiveVersion = 1;
	classes = {
	};
	objectVersion = 50;
	objects = {

/* Begin PBXBuildFile section */
		907352A4257EBF560077E5C3 /* AppDelegate.swift in Sources */ = {isa = PBXBuildFile; fileRef = 907352A3257EBF560077E5C3 /* AppDelegate.swift */; };
		907352A6257EBF560077E5C3 /* SceneDelegate.swift in Sources */ = {isa = PBXBuildFile; fileRef = 907352A5257EBF560077E5C3 /* SceneDelegate.swift */; };
		907352AB257EBF560077E5C3 /* Main.storyboard in Resources */ = {isa = PBXBuildFile; fileRef = 907352A9257EBF560077E5C3 /* Main.storyboard */; };
		907352AD257EBF580077E5C3 /* Assets.xcassets in Resources */ = {isa = PBXBuildFile; fileRef = 907352AC257EBF580077E5C3 /* Assets.xcassets */; };
		907352B0257EBF580077E5C3 /* LaunchScreen.storyboard in Resources */ = {isa = PBXBuildFile; fileRef = 907352AE257EBF580077E5C3 /* LaunchScreen.storyboard */; };
		907352BB257EBF580077E5C3 /* HomeworkAssignmentTests.swift in Sources */ = {isa = PBXBuildFile; fileRef = 907352BA257EBF580077E5C3 /* HomeworkAssignmentTests.swift */; };
		907352C6257EBF580077E5C3 /* HomeworkAssignmentUITests.swift in Sources */ = {isa = PBXBuildFile; fileRef = 907352C5257EBF580077E5C3 /* HomeworkAssignmentUITests.swift */; };
		907352E1257FCDE70077E5C3 /* MessageController.swift in Sources */ = {isa = PBXBuildFile; fileRef = 907352E0257FCDE70077E5C3 /* MessageController.swift */; };
		907352E9257FD25D0077E5C3 /* MessagesViewController.swift in Sources */ = {isa = PBXBuildFile; fileRef = 907352E8257FD25D0077E5C3 /* MessagesViewController.swift */; };
		9073530E257FD8500077E5C3 /* BackendUtils.swift in Sources */ = {isa = PBXBuildFile; fileRef = 9073530D257FD8500077E5C3 /* BackendUtils.swift */; };
		9073531725800F1E0077E5C3 /* Extensions.swift in Sources */ = {isa = PBXBuildFile; fileRef = 9073531625800F1E0077E5C3 /* Extensions.swift */; };
		9073531F258021340077E5C3 /* UserSelectTableViewController.swift in Sources */ = {isa = PBXBuildFile; fileRef = 9073531E258021330077E5C3 /* UserSelectTableViewController.swift */; };
		9073532B2580513E0077E5C3 /* Message.swift in Sources */ = {isa = PBXBuildFile; fileRef = 9073532A2580513E0077E5C3 /* Message.swift */; };
		907353302580514E0077E5C3 /* User.swift in Sources */ = {isa = PBXBuildFile; fileRef = 9073532F2580514E0077E5C3 /* User.swift */; };
		90735338258123200077E5C3 /* PostMessage.swift in Sources */ = {isa = PBXBuildFile; fileRef = 907353372581231F0077E5C3 /* PostMessage.swift */; };
		9073534B25812D610077E5C3 /* MessagesViewModel.swift in Sources */ = {isa = PBXBuildFile; fileRef = 9073534A25812D610077E5C3 /* MessagesViewModel.swift */; };
		9073535025812E0E0077E5C3 /* UserSelectedViewModel.swift in Sources */ = {isa = PBXBuildFile; fileRef = 9073534F25812E0E0077E5C3 /* UserSelectedViewModel.swift */; };
/* End PBXBuildFile section */

/* Begin PBXContainerItemProxy section */
		907352B7257EBF580077E5C3 /* PBXContainerItemProxy */ = {
			isa = PBXContainerItemProxy;
			containerPortal = 90735298257EBF560077E5C3 /* Project object */;
			proxyType = 1;
			remoteGlobalIDString = 9073529F257EBF560077E5C3;
			remoteInfo = HomeworkAssignment;
		};
		907352C2257EBF580077E5C3 /* PBXContainerItemProxy */ = {
			isa = PBXContainerItemProxy;
			containerPortal = 90735298257EBF560077E5C3 /* Project object */;
			proxyType = 1;
			remoteGlobalIDString = 9073529F257EBF560077E5C3;
			remoteInfo = HomeworkAssignment;
		};
/* End PBXContainerItemProxy section */

/* Begin PBXFileReference section */
		907352A0257EBF560077E5C3 /* HomeworkAssignment.app */ = {isa = PBXFileReference; explicitFileType = wrapper.application; includeInIndex = 0; path = HomeworkAssignment.app; sourceTree = BUILT_PRODUCTS_DIR; };
		907352A3257EBF560077E5C3 /* AppDelegate.swift */ = {isa = PBXFileReference; lastKnownFileType = sourcecode.swift; path = AppDelegate.swift; sourceTree = "<group>"; };
		907352A5257EBF560077E5C3 /* SceneDelegate.swift */ = {isa = PBXFileReference; lastKnownFileType = sourcecode.swift; path = SceneDelegate.swift; sourceTree = "<group>"; };
		907352AA257EBF560077E5C3 /* Base */ = {isa = PBXFileReference; lastKnownFileType = file.storyboard; name = Base; path = Base.lproj/Main.storyboard; sourceTree = "<group>"; };
		907352AC257EBF580077E5C3 /* Assets.xcassets */ = {isa = PBXFileReference; lastKnownFileType = folder.assetcatalog; path = Assets.xcassets; sourceTree = "<group>"; };
		907352AF257EBF580077E5C3 /* Base */ = {isa = PBXFileReference; lastKnownFileType = file.storyboard; name = Base; path = Base.lproj/LaunchScreen.storyboard; sourceTree = "<group>"; };
		907352B1257EBF580077E5C3 /* Info.plist */ = {isa = PBXFileReference; lastKnownFileType = text.plist.xml; path = Info.plist; sourceTree = "<group>"; };
		907352B6257EBF580077E5C3 /* HomeworkAssignmentTests.xctest */ = {isa = PBXFileReference; explicitFileType = wrapper.cfbundle; includeInIndex = 0; path = HomeworkAssignmentTests.xctest; sourceTree = BUILT_PRODUCTS_DIR; };
		907352BA257EBF580077E5C3 /* HomeworkAssignmentTests.swift */ = {isa = PBXFileReference; lastKnownFileType = sourcecode.swift; path = HomeworkAssignmentTests.swift; sourceTree = "<group>"; };
		907352BC257EBF580077E5C3 /* Info.plist */ = {isa = PBXFileReference; lastKnownFileType = text.plist.xml; path = Info.plist; sourceTree = "<group>"; };
		907352C1257EBF580077E5C3 /* HomeworkAssignmentUITests.xctest */ = {isa = PBXFileReference; explicitFileType = wrapper.cfbundle; includeInIndex = 0; path = HomeworkAssignmentUITests.xctest; sourceTree = BUILT_PRODUCTS_DIR; };
		907352C5257EBF580077E5C3 /* HomeworkAssignmentUITests.swift */ = {isa = PBXFileReference; lastKnownFileType = sourcecode.swift; path = HomeworkAssignmentUITests.swift; sourceTree = "<group>"; };
		907352C7257EBF580077E5C3 /* Info.plist */ = {isa = PBXFileReference; lastKnownFileType = text.plist.xml; path = Info.plist; sourceTree = "<group>"; };
		907352E0257FCDE70077E5C3 /* MessageController.swift */ = {isa = PBXFileReference; lastKnownFileType = sourcecode.swift; path = MessageController.swift; sourceTree = "<group>"; };
		907352E8257FD25D0077E5C3 /* MessagesViewController.swift */ = {isa = PBXFileReference; lastKnownFileType = sourcecode.swift; path = MessagesViewController.swift; sourceTree = "<group>"; };
		9073530D257FD8500077E5C3 /* BackendUtils.swift */ = {isa = PBXFileReference; lastKnownFileType = sourcecode.swift; path = BackendUtils.swift; sourceTree = "<group>"; };
		9073531625800F1E0077E5C3 /* Extensions.swift */ = {isa = PBXFileReference; lastKnownFileType = sourcecode.swift; path = Extensions.swift; sourceTree = "<group>"; };
		9073531E258021330077E5C3 /* UserSelectTableViewController.swift */ = {isa = PBXFileReference; lastKnownFileType = sourcecode.swift; path = UserSelectTableViewController.swift; sourceTree = "<group>"; };
		9073532A2580513E0077E5C3 /* Message.swift */ = {isa = PBXFileReference; lastKnownFileType = sourcecode.swift; path = Message.swift; sourceTree = "<group>"; };
		9073532F2580514E0077E5C3 /* User.swift */ = {isa = PBXFileReference; lastKnownFileType = sourcecode.swift; path = User.swift; sourceTree = "<group>"; };
		907353372581231F0077E5C3 /* PostMessage.swift */ = {isa = PBXFileReference; lastKnownFileType = sourcecode.swift; path = PostMessage.swift; sourceTree = "<group>"; };
		9073534A25812D610077E5C3 /* MessagesViewModel.swift */ = {isa = PBXFileReference; lastKnownFileType = sourcecode.swift; path = MessagesViewModel.swift; sourceTree = "<group>"; };
		9073534F25812E0E0077E5C3 /* UserSelectedViewModel.swift */ = {isa = PBXFileReference; lastKnownFileType = sourcecode.swift; path = UserSelectedViewModel.swift; sourceTree = "<group>"; };
/* End PBXFileReference section */

/* Begin PBXFrameworksBuildPhase section */
		9073529D257EBF560077E5C3 /* Frameworks */ = {
			isa = PBXFrameworksBuildPhase;
			buildActionMask = 2147483647;
			files = (
			);
			runOnlyForDeploymentPostprocessing = 0;
		};
		907352B3257EBF580077E5C3 /* Frameworks */ = {
			isa = PBXFrameworksBuildPhase;
			buildActionMask = 2147483647;
			files = (
			);
			runOnlyForDeploymentPostprocessing = 0;
		};
		907352BE257EBF580077E5C3 /* Frameworks */ = {
			isa = PBXFrameworksBuildPhase;
			buildActionMask = 2147483647;
			files = (
			);
			runOnlyForDeploymentPostprocessing = 0;
		};
/* End PBXFrameworksBuildPhase section */

/* Begin PBXGroup section */
		90735297257EBF560077E5C3 = {
			isa = PBXGroup;
			children = (
				9073531525800F0D0077E5C3 /* ExtensionsAndUtilities */,
				907352A2257EBF560077E5C3 /* HomeworkAssignment */,
				907352B9257EBF580077E5C3 /* HomeworkAssignmentTests */,
				907352C4257EBF580077E5C3 /* HomeworkAssignmentUITests */,
				907352A1257EBF560077E5C3 /* Products */,
			);
			sourceTree = "<group>";
		};
		907352A1257EBF560077E5C3 /* Products */ = {
			isa = PBXGroup;
			children = (
				907352A0257EBF560077E5C3 /* HomeworkAssignment.app */,
				907352B6257EBF580077E5C3 /* HomeworkAssignmentTests.xctest */,
				907352C1257EBF580077E5C3 /* HomeworkAssignmentUITests.xctest */,
			);
			name = Products;
			sourceTree = "<group>";
		};
		907352A2257EBF560077E5C3 /* HomeworkAssignment */ = {
			isa = PBXGroup;
			children = (
				90735329258051340077E5C3 /* Models */,
				9073530C257FD83B0077E5C3 /* BackEndUtils */,
				907352DF257FCDCA0077E5C3 /* Controller */,
				907352D6257FCB940077E5C3 /* ViewControllers */,
				9073534125812C1E0077E5C3 /* Resources */,
				907352B1257EBF580077E5C3 /* Info.plist */,
			);
			path = HomeworkAssignment;
			sourceTree = "<group>";
		};
		907352B9257EBF580077E5C3 /* HomeworkAssignmentTests */ = {
			isa = PBXGroup;
			children = (
				907352BA257EBF580077E5C3 /* HomeworkAssignmentTests.swift */,
				907352BC257EBF580077E5C3 /* Info.plist */,
			);
			path = HomeworkAssignmentTests;
			sourceTree = "<group>";
		};
		907352C4257EBF580077E5C3 /* HomeworkAssignmentUITests */ = {
			isa = PBXGroup;
			children = (
				907352C5257EBF580077E5C3 /* HomeworkAssignmentUITests.swift */,
				907352C7257EBF580077E5C3 /* Info.plist */,
			);
			path = HomeworkAssignmentUITests;
			sourceTree = "<group>";
		};
		907352D6257FCB940077E5C3 /* ViewControllers */ = {
			isa = PBXGroup;
			children = (
				9073534625812C590077E5C3 /* UserSelectedVC */,
				9073534525812C500077E5C3 /* MessagesVC */,
			);
			path = ViewControllers;
			sourceTree = "<group>";
		};
		907352DF257FCDCA0077E5C3 /* Controller */ = {
			isa = PBXGroup;
			children = (
				907352E0257FCDE70077E5C3 /* MessageController.swift */,
			);
			path = Controller;
			sourceTree = "<group>";
		};
		9073530C257FD83B0077E5C3 /* BackEndUtils */ = {
			isa = PBXGroup;
			children = (
				9073530D257FD8500077E5C3 /* BackendUtils.swift */,
			);
			path = BackEndUtils;
			sourceTree = "<group>";
		};
		9073531525800F0D0077E5C3 /* ExtensionsAndUtilities */ = {
			isa = PBXGroup;
			children = (
				9073531625800F1E0077E5C3 /* Extensions.swift */,
			);
			path = ExtensionsAndUtilities;
			sourceTree = "<group>";
		};
		90735329258051340077E5C3 /* Models */ = {
			isa = PBXGroup;
			children = (
				9073532A2580513E0077E5C3 /* Message.swift */,
				9073532F2580514E0077E5C3 /* User.swift */,
				907353372581231F0077E5C3 /* PostMessage.swift */,
			);
			path = Models;
			sourceTree = "<group>";
		};
		9073534125812C1E0077E5C3 /* Resources */ = {
			isa = PBXGroup;
			children = (
				907352A3257EBF560077E5C3 /* AppDelegate.swift */,
				907352A5257EBF560077E5C3 /* SceneDelegate.swift */,
				907352A9257EBF560077E5C3 /* Main.storyboard */,
				907352AC257EBF580077E5C3 /* Assets.xcassets */,
				907352AE257EBF580077E5C3 /* LaunchScreen.storyboard */,
			);
			path = Resources;
			sourceTree = "<group>";
		};
		9073534525812C500077E5C3 /* MessagesVC */ = {
			isa = PBXGroup;
			children = (
				907352E8257FD25D0077E5C3 /* MessagesViewController.swift */,
				9073534A25812D610077E5C3 /* MessagesViewModel.swift */,
			);
			path = MessagesVC;
			sourceTree = "<group>";
		};
		9073534625812C590077E5C3 /* UserSelectedVC */ = {
			isa = PBXGroup;
			children = (
				9073531E258021330077E5C3 /* UserSelectTableViewController.swift */,
				9073534F25812E0E0077E5C3 /* UserSelectedViewModel.swift */,
			);
			path = UserSelectedVC;
			sourceTree = "<group>";
		};
/* End PBXGroup section */

/* Begin PBXNativeTarget section */
		9073529F257EBF560077E5C3 /* HomeworkAssignment */ = {
			isa = PBXNativeTarget;
			buildConfigurationList = 907352CA257EBF580077E5C3 /* Build configuration list for PBXNativeTarget "HomeworkAssignment" */;
			buildPhases = (
				9073529C257EBF560077E5C3 /* Sources */,
				9073529D257EBF560077E5C3 /* Frameworks */,
				9073529E257EBF560077E5C3 /* Resources */,
			);
			buildRules = (
			);
			dependencies = (
			);
			name = HomeworkAssignment;
			productName = HomeworkAssignment;
			productReference = 907352A0257EBF560077E5C3 /* HomeworkAssignment.app */;
			productType = "com.apple.product-type.application";
		};
		907352B5257EBF580077E5C3 /* HomeworkAssignmentTests */ = {
			isa = PBXNativeTarget;
			buildConfigurationList = 907352CD257EBF580077E5C3 /* Build configuration list for PBXNativeTarget "HomeworkAssignmentTests" */;
			buildPhases = (
				907352B2257EBF580077E5C3 /* Sources */,
				907352B3257EBF580077E5C3 /* Frameworks */,
				907352B4257EBF580077E5C3 /* Resources */,
			);
			buildRules = (
			);
			dependencies = (
				907352B8257EBF580077E5C3 /* PBXTargetDependency */,
			);
			name = HomeworkAssignmentTests;
			productName = HomeworkAssignmentTests;
			productReference = 907352B6257EBF580077E5C3 /* HomeworkAssignmentTests.xctest */;
			productType = "com.apple.product-type.bundle.unit-test";
		};
		907352C0257EBF580077E5C3 /* HomeworkAssignmentUITests */ = {
			isa = PBXNativeTarget;
			buildConfigurationList = 907352D0257EBF580077E5C3 /* Build configuration list for PBXNativeTarget "HomeworkAssignmentUITests" */;
			buildPhases = (
				907352BD257EBF580077E5C3 /* Sources */,
				907352BE257EBF580077E5C3 /* Frameworks */,
				907352BF257EBF580077E5C3 /* Resources */,
			);
			buildRules = (
			);
			dependencies = (
				907352C3257EBF580077E5C3 /* PBXTargetDependency */,
			);
			name = HomeworkAssignmentUITests;
			productName = HomeworkAssignmentUITests;
			productReference = 907352C1257EBF580077E5C3 /* HomeworkAssignmentUITests.xctest */;
			productType = "com.apple.product-type.bundle.ui-testing";
		};
/* End PBXNativeTarget section */

/* Begin PBXProject section */
		90735298257EBF560077E5C3 /* Project object */ = {
			isa = PBXProject;
			attributes = {
				LastSwiftUpdateCheck = 1220;
				LastUpgradeCheck = 1220;
				TargetAttributes = {
					9073529F257EBF560077E5C3 = {
						CreatedOnToolsVersion = 12.2;
					};
					907352B5257EBF580077E5C3 = {
						CreatedOnToolsVersion = 12.2;
						TestTargetID = 9073529F257EBF560077E5C3;
					};
					907352C0257EBF580077E5C3 = {
						CreatedOnToolsVersion = 12.2;
						TestTargetID = 9073529F257EBF560077E5C3;
					};
				};
			};
			buildConfigurationList = 9073529B257EBF560077E5C3 /* Build configuration list for PBXProject "HomeworkAssignment" */;
			compatibilityVersion = "Xcode 9.3";
			developmentRegion = en;
			hasScannedForEncodings = 0;
			knownRegions = (
				en,
				Base,
			);
			mainGroup = 90735297257EBF560077E5C3;
			productRefGroup = 907352A1257EBF560077E5C3 /* Products */;
			projectDirPath = "";
			projectRoot = "";
			targets = (
				9073529F257EBF560077E5C3 /* HomeworkAssignment */,
				907352B5257EBF580077E5C3 /* HomeworkAssignmentTests */,
				907352C0257EBF580077E5C3 /* HomeworkAssignmentUITests */,
			);
		};
/* End PBXProject section */

/* Begin PBXResourcesBuildPhase section */
		9073529E257EBF560077E5C3 /* Resources */ = {
			isa = PBXResourcesBuildPhase;
			buildActionMask = 2147483647;
			files = (
				907352B0257EBF580077E5C3 /* LaunchScreen.storyboard in Resources */,
				907352AD257EBF580077E5C3 /* Assets.xcassets in Resources */,
				907352AB257EBF560077E5C3 /* Main.storyboard in Resources */,
			);
			runOnlyForDeploymentPostprocessing = 0;
		};
		907352B4257EBF580077E5C3 /* Resources */ = {
			isa = PBXResourcesBuildPhase;
			buildActionMask = 2147483647;
			files = (
			);
			runOnlyForDeploymentPostprocessing = 0;
		};
		907352BF257EBF580077E5C3 /* Resources */ = {
			isa = PBXResourcesBuildPhase;
			buildActionMask = 2147483647;
			files = (
			);
			runOnlyForDeploymentPostprocessing = 0;
		};
/* End PBXResourcesBuildPhase section */

/* Begin PBXSourcesBuildPhase section */
		9073529C257EBF560077E5C3 /* Sources */ = {
			isa = PBXSourcesBuildPhase;
			buildActionMask = 2147483647;
			files = (
				9073530E257FD8500077E5C3 /* BackendUtils.swift in Sources */,
				907352E9257FD25D0077E5C3 /* MessagesViewController.swift in Sources */,
				9073531F258021340077E5C3 /* UserSelectTableViewController.swift in Sources */,
				9073532B2580513E0077E5C3 /* Message.swift in Sources */,
				9073531725800F1E0077E5C3 /* Extensions.swift in Sources */,
				9073534B25812D610077E5C3 /* MessagesViewModel.swift in Sources */,
				90735338258123200077E5C3 /* PostMessage.swift in Sources */,
				907352A4257EBF560077E5C3 /* AppDelegate.swift in Sources */,
				907352E1257FCDE70077E5C3 /* MessageController.swift in Sources */,
				907353302580514E0077E5C3 /* User.swift in Sources */,
				9073535025812E0E0077E5C3 /* UserSelectedViewModel.swift in Sources */,
				907352A6257EBF560077E5C3 /* SceneDelegate.swift in Sources */,
			);
			runOnlyForDeploymentPostprocessing = 0;
		};
		907352B2257EBF580077E5C3 /* Sources */ = {
			isa = PBXSourcesBuildPhase;
			buildActionMask = 2147483647;
			files = (
				907352BB257EBF580077E5C3 /* HomeworkAssignmentTests.swift in Sources */,
			);
			runOnlyForDeploymentPostprocessing = 0;
		};
		907352BD257EBF580077E5C3 /* Sources */ = {
			isa = PBXSourcesBuildPhase;
			buildActionMask = 2147483647;
			files = (
				907352C6257EBF580077E5C3 /* HomeworkAssignmentUITests.swift in Sources */,
			);
			runOnlyForDeploymentPostprocessing = 0;
		};
/* End PBXSourcesBuildPhase section */

/* Begin PBXTargetDependency section */
		907352B8257EBF580077E5C3 /* PBXTargetDependency */ = {
			isa = PBXTargetDependency;
			target = 9073529F257EBF560077E5C3 /* HomeworkAssignment */;
			targetProxy = 907352B7257EBF580077E5C3 /* PBXContainerItemProxy */;
		};
		907352C3257EBF580077E5C3 /* PBXTargetDependency */ = {
			isa = PBXTargetDependency;
			target = 9073529F257EBF560077E5C3 /* HomeworkAssignment */;
			targetProxy = 907352C2257EBF580077E5C3 /* PBXContainerItemProxy */;
		};
/* End PBXTargetDependency section */

/* Begin PBXVariantGroup section */
		907352A9257EBF560077E5C3 /* Main.storyboard */ = {
			isa = PBXVariantGroup;
			children = (
				907352AA257EBF560077E5C3 /* Base */,
			);
			name = Main.storyboard;
			sourceTree = "<group>";
		};
		907352AE257EBF580077E5C3 /* LaunchScreen.storyboard */ = {
			isa = PBXVariantGroup;
			children = (
				907352AF257EBF580077E5C3 /* Base */,
			);
			name = LaunchScreen.storyboard;
			sourceTree = "<group>";
		};
/* End PBXVariantGroup section */

/* Begin XCBuildConfiguration section */
		907352C8257EBF580077E5C3 /* Debug */ = {
			isa = XCBuildConfiguration;
			buildSettings = {
				ALWAYS_SEARCH_USER_PATHS = NO;
				CLANG_ANALYZER_NONNULL = YES;
				CLANG_ANALYZER_NUMBER_OBJECT_CONVERSION = YES_AGGRESSIVE;
				CLANG_CXX_LANGUAGE_STANDARD = "gnu++14";
				CLANG_CXX_LIBRARY = "libc++";
				CLANG_ENABLE_MODULES = YES;
				CLANG_ENABLE_OBJC_ARC = YES;
				CLANG_ENABLE_OBJC_WEAK = YES;
				CLANG_WARN_BLOCK_CAPTURE_AUTORELEASING = YES;
				CLANG_WARN_BOOL_CONVERSION = YES;
				CLANG_WARN_COMMA = YES;
				CLANG_WARN_CONSTANT_CONVERSION = YES;
				CLANG_WARN_DEPRECATED_OBJC_IMPLEMENTATIONS = YES;
				CLANG_WARN_DIRECT_OBJC_ISA_USAGE = YES_ERROR;
				CLANG_WARN_DOCUMENTATION_COMMENTS = YES;
				CLANG_WARN_EMPTY_BODY = YES;
				CLANG_WARN_ENUM_CONVERSION = YES;
				CLANG_WARN_INFINITE_RECURSION = YES;
				CLANG_WARN_INT_CONVERSION = YES;
				CLANG_WARN_NON_LITERAL_NULL_CONVERSION = YES;
				CLANG_WARN_OBJC_IMPLICIT_RETAIN_SELF = YES;
				CLANG_WARN_OBJC_LITERAL_CONVERSION = YES;
				CLANG_WARN_OBJC_ROOT_CLASS = YES_ERROR;
				CLANG_WARN_QUOTED_INCLUDE_IN_FRAMEWORK_HEADER = YES;
				CLANG_WARN_RANGE_LOOP_ANALYSIS = YES;
				CLANG_WARN_STRICT_PROTOTYPES = YES;
				CLANG_WARN_SUSPICIOUS_MOVE = YES;
				CLANG_WARN_UNGUARDED_AVAILABILITY = YES_AGGRESSIVE;
				CLANG_WARN_UNREACHABLE_CODE = YES;
				CLANG_WARN__DUPLICATE_METHOD_MATCH = YES;
				COPY_PHASE_STRIP = NO;
				DEBUG_INFORMATION_FORMAT = dwarf;
				ENABLE_STRICT_OBJC_MSGSEND = YES;
				ENABLE_TESTABILITY = YES;
				GCC_C_LANGUAGE_STANDARD = gnu11;
				GCC_DYNAMIC_NO_PIC = NO;
				GCC_NO_COMMON_BLOCKS = YES;
				GCC_OPTIMIZATION_LEVEL = 0;
				GCC_PREPROCESSOR_DEFINITIONS = (
					"DEBUG=1",
					"$(inherited)",
				);
				GCC_WARN_64_TO_32_BIT_CONVERSION = YES;
				GCC_WARN_ABOUT_RETURN_TYPE = YES_ERROR;
				GCC_WARN_UNDECLARED_SELECTOR = YES;
				GCC_WARN_UNINITIALIZED_AUTOS = YES_AGGRESSIVE;
				GCC_WARN_UNUSED_FUNCTION = YES;
				GCC_WARN_UNUSED_VARIABLE = YES;
				IPHONEOS_DEPLOYMENT_TARGET = 14.2;
				MTL_ENABLE_DEBUG_INFO = INCLUDE_SOURCE;
				MTL_FAST_MATH = YES;
				ONLY_ACTIVE_ARCH = YES;
				SDKROOT = iphoneos;
				SWIFT_ACTIVE_COMPILATION_CONDITIONS = DEBUG;
				SWIFT_OPTIMIZATION_LEVEL = "-Onone";
			};
			name = Debug;
		};
		907352C9257EBF580077E5C3 /* Release */ = {
			isa = XCBuildConfiguration;
			buildSettings = {
				ALWAYS_SEARCH_USER_PATHS = NO;
				CLANG_ANALYZER_NONNULL = YES;
				CLANG_ANALYZER_NUMBER_OBJECT_CONVERSION = YES_AGGRESSIVE;
				CLANG_CXX_LANGUAGE_STANDARD = "gnu++14";
				CLANG_CXX_LIBRARY = "libc++";
				CLANG_ENABLE_MODULES = YES;
				CLANG_ENABLE_OBJC_ARC = YES;
				CLANG_ENABLE_OBJC_WEAK = YES;
				CLANG_WARN_BLOCK_CAPTURE_AUTORELEASING = YES;
				CLANG_WARN_BOOL_CONVERSION = YES;
				CLANG_WARN_COMMA = YES;
				CLANG_WARN_CONSTANT_CONVERSION = YES;
				CLANG_WARN_DEPRECATED_OBJC_IMPLEMENTATIONS = YES;
				CLANG_WARN_DIRECT_OBJC_ISA_USAGE = YES_ERROR;
				CLANG_WARN_DOCUMENTATION_COMMENTS = YES;
				CLANG_WARN_EMPTY_BODY = YES;
				CLANG_WARN_ENUM_CONVERSION = YES;
				CLANG_WARN_INFINITE_RECURSION = YES;
				CLANG_WARN_INT_CONVERSION = YES;
				CLANG_WARN_NON_LITERAL_NULL_CONVERSION = YES;
				CLANG_WARN_OBJC_IMPLICIT_RETAIN_SELF = YES;
				CLANG_WARN_OBJC_LITERAL_CONVERSION = YES;
				CLANG_WARN_OBJC_ROOT_CLASS = YES_ERROR;
				CLANG_WARN_QUOTED_INCLUDE_IN_FRAMEWORK_HEADER = YES;
				CLANG_WARN_RANGE_LOOP_ANALYSIS = YES;
				CLANG_WARN_STRICT_PROTOTYPES = YES;
				CLANG_WARN_SUSPICIOUS_MOVE = YES;
				CLANG_WARN_UNGUARDED_AVAILABILITY = YES_AGGRESSIVE;
				CLANG_WARN_UNREACHABLE_CODE = YES;
				CLANG_WARN__DUPLICATE_METHOD_MATCH = YES;
				COPY_PHASE_STRIP = NO;
				DEBUG_INFORMATION_FORMAT = "dwarf-with-dsym";
				ENABLE_NS_ASSERTIONS = NO;
				ENABLE_STRICT_OBJC_MSGSEND = YES;
				GCC_C_LANGUAGE_STANDARD = gnu11;
				GCC_NO_COMMON_BLOCKS = YES;
				GCC_WARN_64_TO_32_BIT_CONVERSION = YES;
				GCC_WARN_ABOUT_RETURN_TYPE = YES_ERROR;
				GCC_WARN_UNDECLARED_SELECTOR = YES;
				GCC_WARN_UNINITIALIZED_AUTOS = YES_AGGRESSIVE;
				GCC_WARN_UNUSED_FUNCTION = YES;
				GCC_WARN_UNUSED_VARIABLE = YES;
				IPHONEOS_DEPLOYMENT_TARGET = 14.2;
				MTL_ENABLE_DEBUG_INFO = NO;
				MTL_FAST_MATH = YES;
				SDKROOT = iphoneos;
				SWIFT_COMPILATION_MODE = wholemodule;
				SWIFT_OPTIMIZATION_LEVEL = "-O";
				VALIDATE_PRODUCT = YES;
			};
			name = Release;
		};
		907352CB257EBF580077E5C3 /* Debug */ = {
			isa = XCBuildConfiguration;
			buildSettings = {
				ASSETCATALOG_COMPILER_APPICON_NAME = AppIcon;
				ASSETCATALOG_COMPILER_GLOBAL_ACCENT_COLOR_NAME = AccentColor;
				CODE_SIGN_STYLE = Automatic;
				DEVELOPMENT_TEAM = 57FTCZV5HS;
				INFOPLIST_FILE = HomeworkAssignment/Info.plist;
				LD_RUNPATH_SEARCH_PATHS = (
					"$(inherited)",
					"@executable_path/Frameworks",
				);
				PRODUCT_BUNDLE_IDENTIFIER = com.greghughes.HomeworkAssignment;
				PRODUCT_NAME = "$(TARGET_NAME)";
				SWIFT_VERSION = 5.0;
				TARGETED_DEVICE_FAMILY = "1,2";
			};
			name = Debug;
		};
		907352CC257EBF580077E5C3 /* Release */ = {
			isa = XCBuildConfiguration;
			buildSettings = {
				ASSETCATALOG_COMPILER_APPICON_NAME = AppIcon;
				ASSETCATALOG_COMPILER_GLOBAL_ACCENT_COLOR_NAME = AccentColor;
				CODE_SIGN_STYLE = Automatic;
				DEVELOPMENT_TEAM = 57FTCZV5HS;
				INFOPLIST_FILE = HomeworkAssignment/Info.plist;
				LD_RUNPATH_SEARCH_PATHS = (
					"$(inherited)",
					"@executable_path/Frameworks",
				);
				PRODUCT_BUNDLE_IDENTIFIER = com.greghughes.HomeworkAssignment;
				PRODUCT_NAME = "$(TARGET_NAME)";
				SWIFT_VERSION = 5.0;
				TARGETED_DEVICE_FAMILY = "1,2";
			};
			name = Release;
		};
		907352CE257EBF580077E5C3 /* Debug */ = {
			isa = XCBuildConfiguration;
			buildSettings = {
				ALWAYS_EMBED_SWIFT_STANDARD_LIBRARIES = YES;
				BUNDLE_LOADER = "$(TEST_HOST)";
				CODE_SIGN_STYLE = Automatic;
				DEVELOPMENT_TEAM = 57FTCZV5HS;
				INFOPLIST_FILE = HomeworkAssignmentTests/Info.plist;
				IPHONEOS_DEPLOYMENT_TARGET = 14.2;
				LD_RUNPATH_SEARCH_PATHS = (
					"$(inherited)",
					"@executable_path/Frameworks",
					"@loader_path/Frameworks",
				);
				PRODUCT_BUNDLE_IDENTIFIER = com.greghughes.HomeworkAssignmentTests;
				PRODUCT_NAME = "$(TARGET_NAME)";
				SWIFT_VERSION = 5.0;
				TARGETED_DEVICE_FAMILY = "1,2";
				TEST_HOST = "$(BUILT_PRODUCTS_DIR)/HomeworkAssignment.app/HomeworkAssignment";
			};
			name = Debug;
		};
		907352CF257EBF580077E5C3 /* Release */ = {
			isa = XCBuildConfiguration;
			buildSettings = {
				ALWAYS_EMBED_SWIFT_STANDARD_LIBRARIES = YES;
				BUNDLE_LOADER = "$(TEST_HOST)";
				CODE_SIGN_STYLE = Automatic;
				DEVELOPMENT_TEAM = 57FTCZV5HS;
				INFOPLIST_FILE = HomeworkAssignmentTests/Info.plist;
				IPHONEOS_DEPLOYMENT_TARGET = 14.2;
				LD_RUNPATH_SEARCH_PATHS = (
					"$(inherited)",
					"@executable_path/Frameworks",
					"@loader_path/Frameworks",
				);
				PRODUCT_BUNDLE_IDENTIFIER = com.greghughes.HomeworkAssignmentTests;
				PRODUCT_NAME = "$(TARGET_NAME)";
				SWIFT_VERSION = 5.0;
				TARGETED_DEVICE_FAMILY = "1,2";
				TEST_HOST = "$(BUILT_PRODUCTS_DIR)/HomeworkAssignment.app/HomeworkAssignment";
			};
			name = Release;
		};
		907352D1257EBF580077E5C3 /* Debug */ = {
			isa = XCBuildConfiguration;
			buildSettings = {
				ALWAYS_EMBED_SWIFT_STANDARD_LIBRARIES = YES;
				CODE_SIGN_STYLE = Automatic;
				DEVELOPMENT_TEAM = 57FTCZV5HS;
				INFOPLIST_FILE = HomeworkAssignmentUITests/Info.plist;
				LD_RUNPATH_SEARCH_PATHS = (
					"$(inherited)",
					"@executable_path/Frameworks",
					"@loader_path/Frameworks",
				);
				PRODUCT_BUNDLE_IDENTIFIER = com.greghughes.HomeworkAssignmentUITests;
				PRODUCT_NAME = "$(TARGET_NAME)";
				SWIFT_VERSION = 5.0;
				TARGETED_DEVICE_FAMILY = "1,2";
				TEST_TARGET_NAME = HomeworkAssignment;
			};
			name = Debug;
		};
		907352D2257EBF580077E5C3 /* Release */ = {
			isa = XCBuildConfiguration;
			buildSettings = {
				ALWAYS_EMBED_SWIFT_STANDARD_LIBRARIES = YES;
				CODE_SIGN_STYLE = Automatic;
				DEVELOPMENT_TEAM = 57FTCZV5HS;
				INFOPLIST_FILE = HomeworkAssignmentUITests/Info.plist;
				LD_RUNPATH_SEARCH_PATHS = (
					"$(inherited)",
					"@executable_path/Frameworks",
					"@loader_path/Frameworks",
				);
				PRODUCT_BUNDLE_IDENTIFIER = com.greghughes.HomeworkAssignmentUITests;
				PRODUCT_NAME = "$(TARGET_NAME)";
				SWIFT_VERSION = 5.0;
				TARGETED_DEVICE_FAMILY = "1,2";
				TEST_TARGET_NAME = HomeworkAssignment;
			};
			name = Release;
		};
/* End XCBuildConfiguration section */

/* Begin XCConfigurationList section */
		9073529B257EBF560077E5C3 /* Build configuration list for PBXProject "HomeworkAssignment" */ = {
			isa = XCConfigurationList;
			buildConfigurations = (
				907352C8257EBF580077E5C3 /* Debug */,
				907352C9257EBF580077E5C3 /* Release */,
			);
			defaultConfigurationIsVisible = 0;
			defaultConfigurationName = Release;
		};
		907352CA257EBF580077E5C3 /* Build configuration list for PBXNativeTarget "HomeworkAssignment" */ = {
			isa = XCConfigurationList;
			buildConfigurations = (
				907352CB257EBF580077E5C3 /* Debug */,
				907352CC257EBF580077E5C3 /* Release */,
			);
			defaultConfigurationIsVisible = 0;
			defaultConfigurationName = Release;
		};
		907352CD257EBF580077E5C3 /* Build configuration list for PBXNativeTarget "HomeworkAssignmentTests" */ = {
			isa = XCConfigurationList;
			buildConfigurations = (
				907352CE257EBF580077E5C3 /* Debug */,
				907352CF257EBF580077E5C3 /* Release */,
			);
			defaultConfigurationIsVisible = 0;
			defaultConfigurationName = Release;
		};
		907352D0257EBF580077E5C3 /* Build configuration list for PBXNativeTarget "HomeworkAssignmentUITests" */ = {
			isa = XCConfigurationList;
			buildConfigurations = (
				907352D1257EBF580077E5C3 /* Debug */,
				907352D2257EBF580077E5C3 /* Release */,
			);
			defaultConfigurationIsVisible = 0;
			defaultConfigurationName = Release;
		};
/* End XCConfigurationList section */
	};
	rootObject = 90735298257EBF560077E5C3 /* Project object */;
}
